
Microsoft Visual Studio Solution File, Format Version 12.00
# Visual Studio Version 17
VisualStudioVersion = 17.2.32516.85
MinimumVisualStudioVersion = 10.0.40219.1
Project("{9A19103F-16F7-4668-BE54-9A1E7A4F7556}") = "Article.API", "Article.API\Article.API.csproj", "{932A46FC-0301-46C3-8093-CEC2DAAB3EE4}"
EndProject
Project("{9A19103F-16F7-4668-BE54-9A1E7A4F7556}") = "Writer.API", "Writer.API\Writer.API.csproj", "{66086812-6046-4666-B3EE-21FAB79CE340}"
EndProject
Project("{9A19103F-16F7-4668-BE54-9A1E7A4F7556}") = "OcelotProject.EntryPointGateway", "OcelotProject.EntryPointGateway\OcelotProject.EntryPointGateway.csproj", "{E1F18B5F-B2A4-455D-B82D-13FD3BF9FD2F}"
EndProject
Project("{9A19103F-16F7-4668-BE54-9A1E7A4F7556}") = "Core", "Core\Core.csproj", "{5881D92B-AB85-470C-99FD-EB0BE3651F5F}"
EndProject
Project("{FAE04EC0-301F-11D3-BF4B-00C04F79EFBC}") = "OcelotProject.AuthAPI", "OcelotProject.AuthAPI\OcelotProject.AuthAPI.csproj", "{06F2B7E6-AEB0-4FFD-A3FA-EDC5C024327C}"
EndProject
Global
	GlobalSection(SolutionConfigurationPlatforms) = preSolution
		Debug|Any CPU = Debug|Any CPU
		Release|Any CPU = Release|Any CPU
	EndGlobalSection
	GlobalSection(ProjectConfigurationPlatforms) = postSolution
		{932A46FC-0301-46C3-8093-CEC2DAAB3EE4}.Debug|Any CPU.ActiveCfg = Debug|Any CPU
		{932A46FC-0301-46C3-8093-CEC2DAAB3EE4}.Debug|Any CPU.Build.0 = Debug|Any CPU
		{932A46FC-0301-46C3-8093-CEC2DAAB3EE4}.Release|Any CPU.ActiveCfg = Release|Any CPU
		{932A46FC-0301-46C3-8093-CEC2DAAB3EE4}.Release|Any CPU.Build.0 = Release|Any CPU
		{66086812-6046-4666-B3EE-21FAB79CE340}.Debug|Any CPU.ActiveCfg = Debug|Any CPU
		{66086812-6046-4666-B3EE-21FAB79CE340}.Debug|Any CPU.Build.0 = Debug|Any CPU
		{66086812-6046-4666-B3EE-21FAB79CE340}.Release|Any CPU.ActiveCfg = Release|Any CPU
		{66086812-6046-4666-B3EE-21FAB79CE340}.Release|Any CPU.Build.0 = Release|Any CPU
		{E1F18B5F-B2A4-455D-B82D-13FD3BF9FD2F}.Debug|Any CPU.ActiveCfg = Debug|Any CPU
		{E1F18B5F-B2A4-455D-B82D-13FD3BF9FD2F}.Debug|Any CPU.Build.0 = Debug|Any CPU
		{E1F18B5F-B2A4-455D-B82D-13FD3BF9FD2F}.Release|Any CPU.ActiveCfg = Release|Any CPU
		{E1F18B5F-B2A4-455D-B82D-13FD3BF9FD2F}.Release|Any CPU.Build.0 = Release|Any CPU
		{5881D92B-AB85-470C-99FD-EB0BE3651F5F}.Debug|Any CPU.ActiveCfg = Debug|Any CPU
		{5881D92B-AB85-470C-99FD-EB0BE3651F5F}.Debug|Any CPU.Build.0 = Debug|Any CPU
		{5881D92B-AB85-470C-99FD-EB0BE3651F5F}.Release|Any CPU.ActiveCfg = Release|Any CPU
		{5881D92B-AB85-470C-99FD-EB0BE3651F5F}.Release|Any CPU.Build.0 = Release|Any CPU
		{06F2B7E6-AEB0-4FFD-A3FA-EDC5C024327C}.Debug|Any CPU.ActiveCfg = Debug|Any CPU
		{06F2B7E6-AEB0-4FFD-A3FA-EDC5C024327C}.Debug|Any CPU.Build.0 = Debug|Any CPU
		{06F2B7E6-AEB0-4FFD-A3FA-EDC5C024327C}.Release|Any CPU.ActiveCfg = Release|Any CPU
		{06F2B7E6-AEB0-4FFD-A3FA-EDC5C024327C}.Release|Any CPU.Build.0 = Release|Any CPU
	EndGlobalSection
	GlobalSection(SolutionProperties) = preSolution
		HideSolutionNode = FALSE
	EndGlobalSection
	GlobalSection(ExtensibilityGlobals) = postSolution
		SolutionGuid = {3C16A0FA-42F4-417D-ACB7-C97161BBBB15}
	EndGlobalSection
EndGlobal
